
Microsoft Visual Studio Solution File, Format Version 12.00
# Visual Studio Version 16
VisualStudioVersion = 16.0.31515.178
MinimumVisualStudioVersion = 10.0.40219.1
Project("{FAE04EC0-301F-11D3-BF4B-00C04F79EFBC}") = "FexChat.Server", "FexChat.Server\FexChat.Server.csproj", "{C69E431D-838A-4733-96EE-1A911A2FB14C}"
EndProject
Project("{FAE04EC0-301F-11D3-BF4B-00C04F79EFBC}") = "FexChat.Common", "FexChat.Common\FexChat.Common.csproj", "{14763589-A439-4624-BAB1-2B958A4848FD}"
EndProject
Project("{FAE04EC0-301F-11D3-BF4B-00C04F79EFBC}") = "FexChat.WpfClient", "FexChat.WpfClient\FexChat.WpfClient.csproj", "{33584973-14E6-4C0E-9E22-7BC1EC1D436A}"
EndProject
Project("{FAE04EC0-301F-11D3-BF4B-00C04F79EFBC}") = "FexChat.Client", "FexChat.Client\FexChat.Client.csproj", "{0BB0939D-481B-4EB4-AA96-FC9A00E62349}"
EndProject
Global
	GlobalSection(SolutionConfigurationPlatforms) = preSolution
		Debug|Any CPU = Debug|Any CPU
		Release|Any CPU = Release|Any CPU
	EndGlobalSection
	GlobalSection(ProjectConfigurationPlatforms) = postSolution
		{C69E431D-838A-4733-96EE-1A911A2FB14C}.Debug|Any CPU.ActiveCfg = Debug|Any CPU
		{C69E431D-838A-4733-96EE-1A911A2FB14C}.Debug|Any CPU.Build.0 = Debug|Any CPU
		{C69E431D-838A-4733-96EE-1A911A2FB14C}.Release|Any CPU.ActiveCfg = Release|Any CPU
		{C69E431D-838A-4733-96EE-1A911A2FB14C}.Release|Any CPU.Build.0 = Release|Any CPU
		{14763589-A439-4624-BAB1-2B958A4848FD}.Debug|Any CPU.ActiveCfg = Debug|Any CPU
		{14763589-A439-4624-BAB1-2B958A4848FD}.Debug|Any CPU.Build.0 = Debug|Any CPU
		{14763589-A439-4624-BAB1-2B958A4848FD}.Release|Any CPU.ActiveCfg = Release|Any CPU
		{14763589-A439-4624-BAB1-2B958A4848FD}.Release|Any CPU.Build.0 = Release|Any CPU
		{33584973-14E6-4C0E-9E22-7BC1EC1D436A}.Debug|Any CPU.ActiveCfg = Debug|Any CPU
		{33584973-14E6-4C0E-9E22-7BC1EC1D436A}.Debug|Any CPU.Build.0 = Debug|Any CPU
		{33584973-14E6-4C0E-9E22-7BC1EC1D436A}.Release|Any CPU.ActiveCfg = Release|Any CPU
		{33584973-14E6-4C0E-9E22-7BC1EC1D436A}.Release|Any CPU.Build.0 = Release|Any CPU
		{0BB0939D-481B-4EB4-AA96-FC9A00E62349}.Debug|Any CPU.ActiveCfg = Debug|Any CPU
		{0BB0939D-481B-4EB4-AA96-FC9A00E62349}.Debug|Any CPU.Build.0 = Debug|Any CPU
		{0BB0939D-481B-4EB4-AA96-FC9A00E62349}.Release|Any CPU.ActiveCfg = Release|Any CPU
		{0BB0939D-481B-4EB4-AA96-FC9A00E62349}.Release|Any CPU.Build.0 = Release|Any CPU
	EndGlobalSection
	GlobalSection(SolutionProperties) = preSolution
		HideSolutionNode = FALSE
	EndGlobalSection
	GlobalSection(ExtensibilityGlobals) = postSolution
		SolutionGuid = {98AAA7B2-25F5-485D-866B-2ED81645C072}
	EndGlobalSection
EndGlobal
